// !$*UTF8*$!
{
	archiveVersion = 1;
	classes = {
	};
	objectVersion = 46;
	objects = {

/* Begin PBXBuildFile section */
		2F08D06A143D012C0042B746 /* ZappMessageController.m in Sources */ = {isa = PBXBuildFile; fileRef = 2F08D069143D012B0042B746 /* ZappMessageController.m */; };
		2FF09B951440FA07008E2AF9 /* ZappMail.png in Resources */ = {isa = PBXBuildFile; fileRef = 2FF09B941440FA07008E2AF9 /* ZappMail.png */; };
		A81A90091464715800232B33 /* Credits.rtf in Resources */ = {isa = PBXBuildFile; fileRef = A81A90071464715800232B33 /* Credits.rtf */; };
		A83BBA8413FB8ABF002D6310 /* ZappSimulatorController.m in Sources */ = {isa = PBXBuildFile; fileRef = A83BBA8313FB8ABF002D6310 /* ZappSimulatorController.m */; };
		A846C17014021BD400E5B1B2 /* ZappWebServer.m in Sources */ = {isa = PBXBuildFile; fileRef = A846C16F14021BD400E5B1B2 /* ZappWebServer.m */; };
		A848E80613ECA621004A55DA /* ZappRepository.m in Sources */ = {isa = PBXBuildFile; fileRef = A848E80513ECA621004A55DA /* ZappRepository.m */; };
		A855039414061F29004CA7AA /* AVFoundation.framework in Frameworks */ = {isa = PBXBuildFile; fileRef = A855039314061F29004CA7AA /* AVFoundation.framework */; };
		A8783CE413F114130001493A /* Zapp.icns in Resources */ = {isa = PBXBuildFile; fileRef = A8783CE313F114130001493A /* Zapp.icns */; };
		A87BB37B145B7D5800F52025 /* reveal.png in Resources */ = {isa = PBXBuildFile; fileRef = A87BB37A145B7D5800F52025 /* reveal.png */; };
		A87BB37E145B7DEF00F52025 /* hide.png in Resources */ = {isa = PBXBuildFile; fileRef = A87BB37D145B7DEF00F52025 /* hide.png */; };
		A8A49ED313EB99FB00A0338E /* ZappRepositoriesController.m in Sources */ = {isa = PBXBuildFile; fileRef = A8A49ED213EB99FB00A0338E /* ZappRepositoriesController.m */; };
		A8B31D3513E4D610001D593D /* Cocoa.framework in Frameworks */ = {isa = PBXBuildFile; fileRef = A8B31D3413E4D610001D593D /* Cocoa.framework */; };
		A8B31D3F13E4D611001D593D /* InfoPlist.strings in Resources */ = {isa = PBXBuildFile; fileRef = A8B31D3D13E4D611001D593D /* InfoPlist.strings */; };
		A8B31D4113E4D611001D593D /* main.m in Sources */ = {isa = PBXBuildFile; fileRef = A8B31D4013E4D611001D593D /* main.m */; };
		A8B31D4813E4D611001D593D /* ZappAppDelegate.m in Sources */ = {isa = PBXBuildFile; fileRef = A8B31D4713E4D611001D593D /* ZappAppDelegate.m */; };
		A8B31D4B13E4D611001D593D /* MainMenu.xib in Resources */ = {isa = PBXBuildFile; fileRef = A8B31D4913E4D611001D593D /* MainMenu.xib */; };
		A8DA279113ECA4ED001305B4 /* ZappBuild.m in Sources */ = {isa = PBXBuildFile; fileRef = A8DA279013ECA4ED001305B4 /* ZappBuild.m */; };
		A8DB670814061E3400149EB8 /* ZappVideoController.m in Sources */ = {isa = PBXBuildFile; fileRef = A8DB670714061E3400149EB8 /* ZappVideoController.m */; };
		A8DD434E13FB92C000AE6C3D /* iPhoneSimulatorRemoteClient.framework in Frameworks */ = {isa = PBXBuildFile; fileRef = A8DD434D13FB92C000AE6C3D /* iPhoneSimulatorRemoteClient.framework */; };
		A8E7858A13EBB20E00811365 /* ZappBackgroundView.m in Sources */ = {isa = PBXBuildFile; fileRef = A8E7858913EBB20E00811365 /* ZappBackgroundView.m */; };
		A8E785AB13EC614B00811365 /* ZappLocalURLFormatter.m in Sources */ = {isa = PBXBuildFile; fileRef = A8E785AA13EC614B00811365 /* ZappLocalURLFormatter.m */; };
		A8E785AE13EC620C00811365 /* ZappSSHURLFormatter.m in Sources */ = {isa = PBXBuildFile; fileRef = A8E785AD13EC620C00811365 /* ZappSSHURLFormatter.m */; };
		A8E785B113EC6C4E00811365 /* Repositories.xcdatamodeld in Sources */ = {isa = PBXBuildFile; fileRef = A8E785AF13EC6C4E00811365 /* Repositories.xcdatamodeld */; };
		A8F5E5E4142EAB3100CC4726 /* greencircle.png in Resources */ = {isa = PBXBuildFile; fileRef = A8F5E5E2142EAB3100CC4726 /* greencircle.png */; };
		A8F5E5E5142EAB3100CC4726 /* redtriangle.png in Resources */ = {isa = PBXBuildFile; fileRef = A8F5E5E3142EAB3100CC4726 /* redtriangle.png */; };
/* End PBXBuildFile section */

/* Begin PBXFileReference section */
		2F08D068143D012B0042B746 /* ZappMessageController.h */ = {isa = PBXFileReference; fileEncoding = 4; lastKnownFileType = sourcecode.c.h; path = ZappMessageController.h; sourceTree = "<group>"; };
		2F08D069143D012B0042B746 /* ZappMessageController.m */ = {isa = PBXFileReference; fileEncoding = 4; lastKnownFileType = sourcecode.c.objc; path = ZappMessageController.m; sourceTree = "<group>"; };
		2FF09B941440FA07008E2AF9 /* ZappMail.png */ = {isa = PBXFileReference; lastKnownFileType = image.png; path = ZappMail.png; sourceTree = "<group>"; };
		A81A90081464715800232B33 /* en */ = {isa = PBXFileReference; lastKnownFileType = text.rtf; name = en; path = en.lproj/Credits.rtf; sourceTree = "<group>"; };
		A82B17CD13EB2583009F0B40 /* iPhoneSimulatorRemoteClient.h */ = {isa = PBXFileReference; fileEncoding = 4; lastKnownFileType = sourcecode.c.h; path = iPhoneSimulatorRemoteClient.h; sourceTree = "<group>"; };
		A83BBA8213FB8ABF002D6310 /* ZappSimulatorController.h */ = {isa = PBXFileReference; fileEncoding = 4; lastKnownFileType = sourcecode.c.h; path = ZappSimulatorController.h; sourceTree = "<group>"; };
		A83BBA8313FB8ABF002D6310 /* ZappSimulatorController.m */ = {isa = PBXFileReference; fileEncoding = 4; lastKnownFileType = sourcecode.c.objc; path = ZappSimulatorController.m; sourceTree = "<group>"; };
		A846C16E14021BD400E5B1B2 /* ZappWebServer.h */ = {isa = PBXFileReference; fileEncoding = 4; lastKnownFileType = sourcecode.c.h; path = ZappWebServer.h; sourceTree = "<group>"; };
		A846C16F14021BD400E5B1B2 /* ZappWebServer.m */ = {isa = PBXFileReference; fileEncoding = 4; lastKnownFileType = sourcecode.c.objc; lineEnding = 0; path = ZappWebServer.m; sourceTree = "<group>"; xcLanguageSpecificationIdentifier = xcode.lang.objc; };
		A848E80413ECA621004A55DA /* ZappRepository.h */ = {isa = PBXFileReference; fileEncoding = 4; lastKnownFileType = sourcecode.c.h; path = ZappRepository.h; sourceTree = "<group>"; };
		A848E80513ECA621004A55DA /* ZappRepository.m */ = {isa = PBXFileReference; fileEncoding = 4; lastKnownFileType = sourcecode.c.objc; path = ZappRepository.m; sourceTree = "<group>"; };
		A855039314061F29004CA7AA /* AVFoundation.framework */ = {isa = PBXFileReference; lastKnownFileType = wrapper.framework; name = AVFoundation.framework; path = System/Library/Frameworks/AVFoundation.framework; sourceTree = SDKROOT; };
		A8783CE313F114130001493A /* Zapp.icns */ = {isa = PBXFileReference; lastKnownFileType = image.icns; path = Zapp.icns; sourceTree = "<group>"; };
		A87BB37A145B7D5800F52025 /* reveal.png */ = {isa = PBXFileReference; lastKnownFileType = image.png; path = reveal.png; sourceTree = "<group>"; };
		A87BB37D145B7DEF00F52025 /* hide.png */ = {isa = PBXFileReference; lastKnownFileType = image.png; path = hide.png; sourceTree = "<group>"; };
		A8A49ED113EB99FB00A0338E /* ZappRepositoriesController.h */ = {isa = PBXFileReference; fileEncoding = 4; lastKnownFileType = sourcecode.c.h; path = ZappRepositoriesController.h; sourceTree = "<group>"; };
		A8A49ED213EB99FB00A0338E /* ZappRepositoriesController.m */ = {isa = PBXFileReference; fileEncoding = 4; lastKnownFileType = sourcecode.c.objc; path = ZappRepositoriesController.m; sourceTree = "<group>"; };
		A8B31D3013E4D610001D593D /* Zapp.app */ = {isa = PBXFileReference; explicitFileType = wrapper.application; includeInIndex = 0; path = Zapp.app; sourceTree = BUILT_PRODUCTS_DIR; };
		A8B31D3413E4D610001D593D /* Cocoa.framework */ = {isa = PBXFileReference; lastKnownFileType = wrapper.framework; name = Cocoa.framework; path = System/Library/Frameworks/Cocoa.framework; sourceTree = SDKROOT; };
		A8B31D3713E4D610001D593D /* AppKit.framework */ = {isa = PBXFileReference; lastKnownFileType = wrapper.framework; name = AppKit.framework; path = System/Library/Frameworks/AppKit.framework; sourceTree = SDKROOT; };
		A8B31D3813E4D610001D593D /* CoreData.framework */ = {isa = PBXFileReference; lastKnownFileType = wrapper.framework; name = CoreData.framework; path = System/Library/Frameworks/CoreData.framework; sourceTree = SDKROOT; };
		A8B31D3913E4D610001D593D /* Foundation.framework */ = {isa = PBXFileReference; lastKnownFileType = wrapper.framework; name = Foundation.framework; path = System/Library/Frameworks/Foundation.framework; sourceTree = SDKROOT; };
		A8B31D3C13E4D611001D593D /* Zapp-Info.plist */ = {isa = PBXFileReference; lastKnownFileType = text.plist.xml; path = "Zapp-Info.plist"; sourceTree = "<group>"; };
		A8B31D3E13E4D611001D593D /* en */ = {isa = PBXFileReference; lastKnownFileType = text.plist.strings; name = en; path = en.lproj/InfoPlist.strings; sourceTree = "<group>"; };
		A8B31D4013E4D611001D593D /* main.m */ = {isa = PBXFileReference; lastKnownFileType = sourcecode.c.objc; path = main.m; sourceTree = "<group>"; };
		A8B31D4213E4D611001D593D /* Zapp-Prefix.pch */ = {isa = PBXFileReference; lastKnownFileType = sourcecode.c.h; path = "Zapp-Prefix.pch"; sourceTree = "<group>"; };
		A8B31D4613E4D611001D593D /* ZappAppDelegate.h */ = {isa = PBXFileReference; lastKnownFileType = sourcecode.c.h; path = ZappAppDelegate.h; sourceTree = "<group>"; };
		A8B31D4713E4D611001D593D /* ZappAppDelegate.m */ = {isa = PBXFileReference; lastKnownFileType = sourcecode.c.objc; lineEnding = 0; path = ZappAppDelegate.m; sourceTree = "<group>"; xcLanguageSpecificationIdentifier = xcode.lang.objc; };
		A8B31D4A13E4D611001D593D /* en */ = {isa = PBXFileReference; lastKnownFileType = file.xib; name = en; path = en.lproj/MainMenu.xib; sourceTree = "<group>"; };
		A8B31D5413E4DC0F001D593D /* ZappGlobals.h */ = {isa = PBXFileReference; fileEncoding = 4; lastKnownFileType = sourcecode.c.h; path = ZappGlobals.h; sourceTree = "<group>"; };
		A8DA278F13ECA4ED001305B4 /* ZappBuild.h */ = {isa = PBXFileReference; fileEncoding = 4; lastKnownFileType = sourcecode.c.h; lineEnding = 0; path = ZappBuild.h; sourceTree = "<group>"; xcLanguageSpecificationIdentifier = xcode.lang.objcpp; };
		A8DA279013ECA4ED001305B4 /* ZappBuild.m */ = {isa = PBXFileReference; fileEncoding = 4; lastKnownFileType = sourcecode.c.objc; lineEnding = 0; path = ZappBuild.m; sourceTree = "<group>"; xcLanguageSpecificationIdentifier = xcode.lang.objc; };
		A8DB670614061E3400149EB8 /* ZappVideoController.h */ = {isa = PBXFileReference; fileEncoding = 4; lastKnownFileType = sourcecode.c.h; path = ZappVideoController.h; sourceTree = "<group>"; };
		A8DB670714061E3400149EB8 /* ZappVideoController.m */ = {isa = PBXFileReference; fileEncoding = 4; lastKnownFileType = sourcecode.c.objc; path = ZappVideoController.m; sourceTree = "<group>"; };
		A8DD434D13FB92C000AE6C3D /* iPhoneSimulatorRemoteClient.framework */ = {isa = PBXFileReference; lastKnownFileType = wrapper.framework; name = iPhoneSimulatorRemoteClient.framework; path = Platforms/iPhoneSimulator.platform/Developer/Library/PrivateFrameworks/iPhoneSimulatorRemoteClient.framework; sourceTree = DEVELOPER_DIR; };
		A8E7858813EBB20E00811365 /* ZappBackgroundView.h */ = {isa = PBXFileReference; fileEncoding = 4; lastKnownFileType = sourcecode.c.h; path = ZappBackgroundView.h; sourceTree = "<group>"; };
		A8E7858913EBB20E00811365 /* ZappBackgroundView.m */ = {isa = PBXFileReference; fileEncoding = 4; lastKnownFileType = sourcecode.c.objc; path = ZappBackgroundView.m; sourceTree = "<group>"; };
		A8E785A913EC614B00811365 /* ZappLocalURLFormatter.h */ = {isa = PBXFileReference; fileEncoding = 4; lastKnownFileType = sourcecode.c.h; path = ZappLocalURLFormatter.h; sourceTree = "<group>"; };
		A8E785AA13EC614B00811365 /* ZappLocalURLFormatter.m */ = {isa = PBXFileReference; fileEncoding = 4; lastKnownFileType = sourcecode.c.objc; path = ZappLocalURLFormatter.m; sourceTree = "<group>"; };
		A8E785AC13EC620C00811365 /* ZappSSHURLFormatter.h */ = {isa = PBXFileReference; fileEncoding = 4; lastKnownFileType = sourcecode.c.h; path = ZappSSHURLFormatter.h; sourceTree = "<group>"; };
		A8E785AD13EC620C00811365 /* ZappSSHURLFormatter.m */ = {isa = PBXFileReference; fileEncoding = 4; lastKnownFileType = sourcecode.c.objc; path = ZappSSHURLFormatter.m; sourceTree = "<group>"; };
		A8E785B013EC6C4E00811365 /* Repositories.xcdatamodel */ = {isa = PBXFileReference; lastKnownFileType = wrapper.xcdatamodel; path = Repositories.xcdatamodel; sourceTree = "<group>"; };
		A8F5E5E2142EAB3100CC4726 /* greencircle.png */ = {isa = PBXFileReference; lastKnownFileType = image.png; path = greencircle.png; sourceTree = "<group>"; };
		A8F5E5E3142EAB3100CC4726 /* redtriangle.png */ = {isa = PBXFileReference; lastKnownFileType = image.png; path = redtriangle.png; sourceTree = "<group>"; };
/* End PBXFileReference section */

/* Begin PBXFrameworksBuildPhase section */
		A8B31D2D13E4D610001D593D /* Frameworks */ = {
			isa = PBXFrameworksBuildPhase;
			buildActionMask = 2147483647;
			files = (
				A855039414061F29004CA7AA /* AVFoundation.framework in Frameworks */,
				A8B31D3513E4D610001D593D /* Cocoa.framework in Frameworks */,
				A8DD434E13FB92C000AE6C3D /* iPhoneSimulatorRemoteClient.framework in Frameworks */,
			);
			runOnlyForDeploymentPostprocessing = 0;
		};
/* End PBXFrameworksBuildPhase section */

/* Begin PBXGroup section */
		A8B31D2513E4D610001D593D = {
			isa = PBXGroup;
			children = (
				A8783CE313F114130001493A /* Zapp.icns */,
				A8B31D3A13E4D610001D593D /* Zapp */,
				A8B31D3313E4D610001D593D /* Frameworks */,
				A8B31D3113E4D610001D593D /* Products */,
			);
			sourceTree = "<group>";
		};
		A8B31D3113E4D610001D593D /* Products */ = {
			isa = PBXGroup;
			children = (
				A8B31D3013E4D610001D593D /* Zapp.app */,
			);
			name = Products;
			sourceTree = "<group>";
		};
		A8B31D3313E4D610001D593D /* Frameworks */ = {
			isa = PBXGroup;
			children = (
				A855039314061F29004CA7AA /* AVFoundation.framework */,
				A8DD434D13FB92C000AE6C3D /* iPhoneSimulatorRemoteClient.framework */,
				A8B31D3413E4D610001D593D /* Cocoa.framework */,
				A8B31D3613E4D610001D593D /* Other Frameworks */,
			);
			name = Frameworks;
			sourceTree = "<group>";
		};
		A8B31D3613E4D610001D593D /* Other Frameworks */ = {
			isa = PBXGroup;
			children = (
				A8B31D3713E4D610001D593D /* AppKit.framework */,
				A8B31D3813E4D610001D593D /* CoreData.framework */,
				A8B31D3913E4D610001D593D /* Foundation.framework */,
			);
			name = "Other Frameworks";
			sourceTree = "<group>";
		};
		A8B31D3A13E4D610001D593D /* Zapp */ = {
			isa = PBXGroup;
			children = (
				A8B31D5413E4DC0F001D593D /* ZappGlobals.h */,
				A8DA278E13ECA422001305B4 /* View */,
				A8DA278D13ECA417001305B4 /* Model */,
				A8E785D013ECA3A100811365 /* Controller */,
				A8B31D4913E4D611001D593D /* MainMenu.xib */,
				A8E785AF13EC6C4E00811365 /* Repositories.xcdatamodeld */,
				A8B31D3B13E4D610001D593D /* Supporting Files */,
			);
			path = Zapp;
			sourceTree = "<group>";
		};
		A8B31D3B13E4D610001D593D /* Supporting Files */ = {
			isa = PBXGroup;
			children = (
				A81A90071464715800232B33 /* Credits.rtf */,
				2FF09B941440FA07008E2AF9 /* ZappMail.png */,
				A8F5E5E2142EAB3100CC4726 /* greencircle.png */,
				A8F5E5E3142EAB3100CC4726 /* redtriangle.png */,
				A87BB37D145B7DEF00F52025 /* hide.png */,
				A87BB37A145B7D5800F52025 /* reveal.png */,
				A8B31D3C13E4D611001D593D /* Zapp-Info.plist */,
				A8B31D3D13E4D611001D593D /* InfoPlist.strings */,
				A8B31D4013E4D611001D593D /* main.m */,
				A8B31D4213E4D611001D593D /* Zapp-Prefix.pch */,
				A82B17CD13EB2583009F0B40 /* iPhoneSimulatorRemoteClient.h */,
			);
			name = "Supporting Files";
			sourceTree = "<group>";
		};
		A8DA278D13ECA417001305B4 /* Model */ = {
			isa = PBXGroup;
			children = (
				A8DA278F13ECA4ED001305B4 /* ZappBuild.h */,
				A8DA279013ECA4ED001305B4 /* ZappBuild.m */,
				A848E80413ECA621004A55DA /* ZappRepository.h */,
				A848E80513ECA621004A55DA /* ZappRepository.m */,
			);
			name = Model;
			sourceTree = "<group>";
		};
		A8DA278E13ECA422001305B4 /* View */ = {
			isa = PBXGroup;
			children = (
				A8E7858813EBB20E00811365 /* ZappBackgroundView.h */,
				A8E7858913EBB20E00811365 /* ZappBackgroundView.m */,
				A8E785A913EC614B00811365 /* ZappLocalURLFormatter.h */,
				A8E785AA13EC614B00811365 /* ZappLocalURLFormatter.m */,
				A8E785AC13EC620C00811365 /* ZappSSHURLFormatter.h */,
				A8E785AD13EC620C00811365 /* ZappSSHURLFormatter.m */,
			);
			name = View;
			sourceTree = "<group>";
		};
		A8E785D013ECA3A100811365 /* Controller */ = {
			isa = PBXGroup;
			children = (
				A8B31D4613E4D611001D593D /* ZappAppDelegate.h */,
				A8B31D4713E4D611001D593D /* ZappAppDelegate.m */,
				A8A49ED113EB99FB00A0338E /* ZappRepositoriesController.h */,
				A8A49ED213EB99FB00A0338E /* ZappRepositoriesController.m */,
				A846C16E14021BD400E5B1B2 /* ZappWebServer.h */,
				A846C16F14021BD400E5B1B2 /* ZappWebServer.m */,
				A83BBA8213FB8ABF002D6310 /* ZappSimulatorController.h */,
				A83BBA8313FB8ABF002D6310 /* ZappSimulatorController.m */,
				A8DB670614061E3400149EB8 /* ZappVideoController.h */,
				A8DB670714061E3400149EB8 /* ZappVideoController.m */,
				2F08D068143D012B0042B746 /* ZappMessageController.h */,
				2F08D069143D012B0042B746 /* ZappMessageController.m */,
			);
			name = Controller;
			sourceTree = "<group>";
		};
/* End PBXGroup section */

/* Begin PBXNativeTarget section */
		A8B31D2F13E4D610001D593D /* Zapp */ = {
			isa = PBXNativeTarget;
			buildConfigurationList = A8B31D4E13E4D611001D593D /* Build configuration list for PBXNativeTarget "Zapp" */;
			buildPhases = (
				A8B31D2C13E4D610001D593D /* Sources */,
				A8B31D2D13E4D610001D593D /* Frameworks */,
				A8B31D2E13E4D610001D593D /* Resources */,
				A81A900514646C6E00232B33 /* ShellScript */,
			);
			buildRules = (
			);
			dependencies = (
			);
			name = Zapp;
			productName = Zapp;
			productReference = A8B31D3013E4D610001D593D /* Zapp.app */;
			productType = "com.apple.product-type.application";
		};
/* End PBXNativeTarget section */

/* Begin PBXProject section */
		A8B31D2713E4D610001D593D /* Project object */ = {
			isa = PBXProject;
			attributes = {
				LastUpgradeCheck = 0420;
				ORGANIZATIONNAME = "Square, Inc";
			};
			buildConfigurationList = A8B31D2A13E4D610001D593D /* Build configuration list for PBXProject "Zapp" */;
			compatibilityVersion = "Xcode 3.2";
			developmentRegion = English;
			hasScannedForEncodings = 0;
			knownRegions = (
				en,
			);
			mainGroup = A8B31D2513E4D610001D593D;
			productRefGroup = A8B31D3113E4D610001D593D /* Products */;
			projectDirPath = "";
			projectRoot = "";
			targets = (
				A8B31D2F13E4D610001D593D /* Zapp */,
			);
		};
/* End PBXProject section */

/* Begin PBXResourcesBuildPhase section */
		A8B31D2E13E4D610001D593D /* Resources */ = {
			isa = PBXResourcesBuildPhase;
			buildActionMask = 2147483647;
			files = (
				A8B31D3F13E4D611001D593D /* InfoPlist.strings in Resources */,
				A8B31D4B13E4D611001D593D /* MainMenu.xib in Resources */,
				A8783CE413F114130001493A /* Zapp.icns in Resources */,
				A8F5E5E4142EAB3100CC4726 /* greencircle.png in Resources */,
				A8F5E5E5142EAB3100CC4726 /* redtriangle.png in Resources */,
				2FF09B951440FA07008E2AF9 /* ZappMail.png in Resources */,
				A81A90091464715800232B33 /* Credits.rtf in Resources */,
				A87BB37B145B7D5800F52025 /* reveal.png in Resources */,
				A87BB37E145B7DEF00F52025 /* hide.png in Resources */,
			);
			runOnlyForDeploymentPostprocessing = 0;
		};
/* End PBXResourcesBuildPhase section */

/* Begin PBXShellScriptBuildPhase section */
		A81A900514646C6E00232B33 /* ShellScript */ = {
			isa = PBXShellScriptBuildPhase;
			buildActionMask = 2147483647;
			files = (
			);
			inputPaths = (
			);
			outputPaths = (
			);
			runOnlyForDeploymentPostprocessing = 0;
			shellPath = /bin/sh;
			shellScript = "VERSION=`git log -1 --pretty=oneline | cut -c-7`\ncd $BUILT_PRODUCTS_DIR\n/usr/libexec/PlistBuddy -c \"Set CFBundleVersion $VERSION\" $INFOPLIST_PATH\n";
		};
/* End PBXShellScriptBuildPhase section */

/* Begin PBXSourcesBuildPhase section */
		A8B31D2C13E4D610001D593D /* Sources */ = {
			isa = PBXSourcesBuildPhase;
			buildActionMask = 2147483647;
			files = (
				A8B31D4113E4D611001D593D /* main.m in Sources */,
				A8B31D4813E4D611001D593D /* ZappAppDelegate.m in Sources */,
				A8A49ED313EB99FB00A0338E /* ZappRepositoriesController.m in Sources */,
				A8E7858A13EBB20E00811365 /* ZappBackgroundView.m in Sources */,
				A8E785AB13EC614B00811365 /* ZappLocalURLFormatter.m in Sources */,
				A8E785AE13EC620C00811365 /* ZappSSHURLFormatter.m in Sources */,
				A8E785B113EC6C4E00811365 /* Repositories.xcdatamodeld in Sources */,
				A8DA279113ECA4ED001305B4 /* ZappBuild.m in Sources */,
				A848E80613ECA621004A55DA /* ZappRepository.m in Sources */,
				A83BBA8413FB8ABF002D6310 /* ZappSimulatorController.m in Sources */,
				A846C17014021BD400E5B1B2 /* ZappWebServer.m in Sources */,
				A8DB670814061E3400149EB8 /* ZappVideoController.m in Sources */,
				2F08D06A143D012C0042B746 /* ZappMessageController.m in Sources */,
			);
			runOnlyForDeploymentPostprocessing = 0;
		};
/* End PBXSourcesBuildPhase section */

/* Begin PBXVariantGroup section */
		A81A90071464715800232B33 /* Credits.rtf */ = {
			isa = PBXVariantGroup;
			children = (
				A81A90081464715800232B33 /* en */,
			);
			name = Credits.rtf;
			sourceTree = "<group>";
		};
		A8B31D3D13E4D611001D593D /* InfoPlist.strings */ = {
			isa = PBXVariantGroup;
			children = (
				A8B31D3E13E4D611001D593D /* en */,
			);
			name = InfoPlist.strings;
			sourceTree = "<group>";
		};
		A8B31D4913E4D611001D593D /* MainMenu.xib */ = {
			isa = PBXVariantGroup;
			children = (
				A8B31D4A13E4D611001D593D /* en */,
			);
			name = MainMenu.xib;
			sourceTree = "<group>";
		};
/* End PBXVariantGroup section */

/* Begin XCBuildConfiguration section */
		A8B31D4C13E4D611001D593D /* Debug */ = {
			isa = XCBuildConfiguration;
			buildSettings = {
				ALWAYS_SEARCH_USER_PATHS = NO;
				ARCHS = "$(ARCHS_STANDARD_64_BIT)";
				CLANG_ENABLE_OBJC_ARC = YES;
				COPY_PHASE_STRIP = NO;
				GCC_C_LANGUAGE_STANDARD = gnu99;
				GCC_DYNAMIC_NO_PIC = NO;
				GCC_ENABLE_OBJC_EXCEPTIONS = YES;
				GCC_OPTIMIZATION_LEVEL = 0;
				GCC_PREPROCESSOR_DEFINITIONS = (
					"DEBUG=1",
					"$(inherited)",
				);
				GCC_SYMBOLS_PRIVATE_EXTERN = NO;
				GCC_TREAT_IMPLICIT_FUNCTION_DECLARATIONS_AS_ERRORS = YES;
				GCC_TREAT_INCOMPATIBLE_POINTER_TYPE_WARNINGS_AS_ERRORS = YES;
				GCC_TREAT_WARNINGS_AS_ERRORS = YES;
				GCC_VERSION = com.apple.compilers.llvm.clang.1_0;
				GCC_WARN_64_TO_32_BIT_CONVERSION = YES;
				GCC_WARN_ABOUT_MISSING_PROTOTYPES = YES;
				GCC_WARN_ABOUT_RETURN_TYPE = YES;
				GCC_WARN_UNUSED_VARIABLE = YES;
				LD_RUNPATH_SEARCH_PATHS = /Developer/Platforms/iPhoneSimulator.platform/Developer/Library/PrivateFrameworks;
				MACOSX_DEPLOYMENT_TARGET = 10.7;
				ONLY_ACTIVE_ARCH = YES;
				SDKROOT = macosx;
				VALID_ARCHS = x86_64;
			};
			name = Debug;
		};
		A8B31D4D13E4D611001D593D /* Release */ = {
			isa = XCBuildConfiguration;
			buildSettings = {
				ALWAYS_SEARCH_USER_PATHS = NO;
				ARCHS = "$(ARCHS_STANDARD_64_BIT)";
				CLANG_ENABLE_OBJC_ARC = YES;
				COPY_PHASE_STRIP = YES;
				DEBUG_INFORMATION_FORMAT = "dwarf-with-dsym";
				GCC_C_LANGUAGE_STANDARD = gnu99;
				GCC_ENABLE_OBJC_EXCEPTIONS = YES;
				GCC_TREAT_IMPLICIT_FUNCTION_DECLARATIONS_AS_ERRORS = YES;
				GCC_TREAT_INCOMPATIBLE_POINTER_TYPE_WARNINGS_AS_ERRORS = YES;
				GCC_TREAT_WARNINGS_AS_ERRORS = YES;
				GCC_VERSION = com.apple.compilers.llvm.clang.1_0;
				GCC_WARN_64_TO_32_BIT_CONVERSION = YES;
				GCC_WARN_ABOUT_MISSING_PROTOTYPES = YES;
				GCC_WARN_ABOUT_RETURN_TYPE = YES;
				GCC_WARN_UNUSED_VARIABLE = YES;
				LD_RUNPATH_SEARCH_PATHS = /Developer/Platforms/iPhoneSimulator.platform/Developer/Library/PrivateFrameworks;
				MACOSX_DEPLOYMENT_TARGET = 10.7;
				SDKROOT = macosx;
				VALID_ARCHS = x86_64;
			};
			name = Release;
		};
		A8B31D4F13E4D611001D593D /* Debug */ = {
			isa = XCBuildConfiguration;
			buildSettings = {
				CLANG_ENABLE_OBJC_ARC = YES;
				FRAMEWORK_SEARCH_PATHS = (
					"$(inherited)",
					/Developer/Platforms/iPhoneSimulator.platform/Developer/Library/PrivateFrameworks,
				);
				GCC_PRECOMPILE_PREFIX_HEADER = YES;
				GCC_PREFIX_HEADER = "Zapp/Zapp-Prefix.pch";
				HEADER_SEARCH_PATHS = "$(SRCROOT)/Frameworks/Pantomime/**";
				INFOPLIST_FILE = "Zapp/Zapp-Info.plist";
				PRODUCT_NAME = "$(TARGET_NAME)";
				RUN_CLANG_STATIC_ANALYZER = YES;
				WRAPPER_EXTENSION = app;
			};
			name = Debug;
		};
		A8B31D5013E4D611001D593D /* Release */ = {
			isa = XCBuildConfiguration;
			buildSettings = {
				CLANG_ENABLE_OBJC_ARC = YES;
				FRAMEWORK_SEARCH_PATHS = (
					"$(inherited)",
					/Developer/Platforms/iPhoneSimulator.platform/Developer/Library/PrivateFrameworks,
				);
				GCC_PRECOMPILE_PREFIX_HEADER = YES;
				GCC_PREFIX_HEADER = "Zapp/Zapp-Prefix.pch";
				HEADER_SEARCH_PATHS = "$(SRCROOT)/Frameworks/Pantomime/**";
				INFOPLIST_FILE = "Zapp/Zapp-Info.plist";
				PRODUCT_NAME = "$(TARGET_NAME)";
				RUN_CLANG_STATIC_ANALYZER = YES;
				WRAPPER_EXTENSION = app;
			};
			name = Release;
		};
/* End XCBuildConfiguration section */

/* Begin XCConfigurationList section */
		A8B31D2A13E4D610001D593D /* Build configuration list for PBXProject "Zapp" */ = {
			isa = XCConfigurationList;
			buildConfigurations = (
				A8B31D4C13E4D611001D593D /* Debug */,
				A8B31D4D13E4D611001D593D /* Release */,
			);
			defaultConfigurationIsVisible = 0;
			defaultConfigurationName = Release;
		};
		A8B31D4E13E4D611001D593D /* Build configuration list for PBXNativeTarget "Zapp" */ = {
			isa = XCConfigurationList;
			buildConfigurations = (
				A8B31D4F13E4D611001D593D /* Debug */,
				A8B31D5013E4D611001D593D /* Release */,
			);
			defaultConfigurationIsVisible = 0;
			defaultConfigurationName = Release;
		};
/* End XCConfigurationList section */

/* Begin XCVersionGroup section */
		A8E785AF13EC6C4E00811365 /* Repositories.xcdatamodeld */ = {
			isa = XCVersionGroup;
			children = (
				A8E785B013EC6C4E00811365 /* Repositories.xcdatamodel */,
			);
			currentVersion = A8E785B013EC6C4E00811365 /* Repositories.xcdatamodel */;
			path = Repositories.xcdatamodeld;
			sourceTree = "<group>";
			versionGroupType = wrapper.xcdatamodel;
		};
/* End XCVersionGroup section */
	};
	rootObject = A8B31D2713E4D610001D593D /* Project object */;
}
